
Microsoft Visual Studio Solution File, Format Version 12.00
# Visual Studio 14
VisualStudioVersion = 14.0.23107.0
MinimumVisualStudioVersion = 10.0.40219.1
Project("{FAE04EC0-301F-11D3-BF4B-00C04F79EFBC}") = "Tup.Cobar4Net.NUnitTest", "Tup.Cobar4Net.NUnitTest\Tup.Cobar4Net.NUnitTest.csproj", "{067456C0-086C-46A8-B37F-1405717B7BFC}"
EndProject
Project("{FAE04EC0-301F-11D3-BF4B-00C04F79EFBC}") = "Tup.Cobar4Net", "Tup.Cobar4Net\Tup.Cobar4Net.csproj", "{D80FD94A-5E8D-489B-8052-7ABA84AB0E40}"
EndProject
Project("{2150E333-8FDC-42A3-9474-1A3956D46DE8}") = "Solution Items", "Solution Items", "{E6105074-4361-4AC3-9C88-6A88DB58A73C}"
	ProjectSection(SolutionItems) = preProject
		Resources.Config\rule.dtd = Resources.Config\rule.dtd
		Resources.Config\rule.xml = Resources.Config\rule.xml
		Resources.Config\schema.dtd = Resources.Config\schema.dtd
		Resources.Config\schema.xml = Resources.Config\schema.xml
		Resources.Config\server.dtd = Resources.Config\server.dtd
		Resources.Config\server.xml = Resources.Config\server.xml
	EndProjectSection
EndProject
Global
	GlobalSection(SolutionConfigurationPlatforms) = preSolution
		Debug|Any CPU = Debug|Any CPU
		Release|Any CPU = Release|Any CPU
	EndGlobalSection
	GlobalSection(ProjectConfigurationPlatforms) = postSolution
		{067456C0-086C-46A8-B37F-1405717B7BFC}.Debug|Any CPU.ActiveCfg = Debug|Any CPU
		{067456C0-086C-46A8-B37F-1405717B7BFC}.Debug|Any CPU.Build.0 = Debug|Any CPU
		{067456C0-086C-46A8-B37F-1405717B7BFC}.Release|Any CPU.ActiveCfg = Release|Any CPU
		{067456C0-086C-46A8-B37F-1405717B7BFC}.Release|Any CPU.Build.0 = Release|Any CPU
		{D80FD94A-5E8D-489B-8052-7ABA84AB0E40}.Debug|Any CPU.ActiveCfg = Debug|Any CPU
		{D80FD94A-5E8D-489B-8052-7ABA84AB0E40}.Debug|Any CPU.Build.0 = Debug|Any CPU
		{D80FD94A-5E8D-489B-8052-7ABA84AB0E40}.Release|Any CPU.ActiveCfg = Release|Any CPU
		{D80FD94A-5E8D-489B-8052-7ABA84AB0E40}.Release|Any CPU.Build.0 = Release|Any CPU
	EndGlobalSection
	GlobalSection(SolutionProperties) = preSolution
		HideSolutionNode = FALSE
	EndGlobalSection
EndGlobal
