
Microsoft Visual Studio Solution File, Format Version 12.00
# Visual Studio 14
VisualStudioVersion = 14.0.23107.0
MinimumVisualStudioVersion = 10.0.40219.1
Project("{FAE04EC0-301F-11D3-BF4B-00C04F79EFBC}") = "Tup.Cobar4Net.Parser", "Tup.Cobar4Net.Parser\Tup.Cobar4Net.Parser.csproj", "{CC86CE3D-98B0-4125-A540-EB3C182FD741}"
EndProject
Project("{FAE04EC0-301F-11D3-BF4B-00C04F79EFBC}") = "Tup.Cobar4Net.Parser.NUnitTest", "Tup.Cobar4Net.Parser.NUnitTest\Tup.Cobar4Net.Parser.NUnitTest.csproj", "{067456C0-086C-46A8-B37F-1405717B7BFC}"
EndProject
Global
	GlobalSection(SolutionConfigurationPlatforms) = preSolution
		Debug|Any CPU = Debug|Any CPU
		Release|Any CPU = Release|Any CPU
	EndGlobalSection
	GlobalSection(ProjectConfigurationPlatforms) = postSolution
		{CC86CE3D-98B0-4125-A540-EB3C182FD741}.Debug|Any CPU.ActiveCfg = Debug|Any CPU
		{CC86CE3D-98B0-4125-A540-EB3C182FD741}.Debug|Any CPU.Build.0 = Debug|Any CPU
		{CC86CE3D-98B0-4125-A540-EB3C182FD741}.Release|Any CPU.ActiveCfg = Release|Any CPU
		{CC86CE3D-98B0-4125-A540-EB3C182FD741}.Release|Any CPU.Build.0 = Release|Any CPU
		{067456C0-086C-46A8-B37F-1405717B7BFC}.Debug|Any CPU.ActiveCfg = Debug|Any CPU
		{067456C0-086C-46A8-B37F-1405717B7BFC}.Debug|Any CPU.Build.0 = Debug|Any CPU
		{067456C0-086C-46A8-B37F-1405717B7BFC}.Release|Any CPU.ActiveCfg = Release|Any CPU
		{067456C0-086C-46A8-B37F-1405717B7BFC}.Release|Any CPU.Build.0 = Release|Any CPU
	EndGlobalSection
	GlobalSection(SolutionProperties) = preSolution
		HideSolutionNode = FALSE
	EndGlobalSection
EndGlobal
